
Microsoft Visual Studio Solution File, Format Version 12.00
# Visual Studio Version 16
VisualStudioVersion = 16.0.29519.181
MinimumVisualStudioVersion = 10.0.40219.1
Project("{FAE04EC0-301F-11D3-BF4B-00C04F79EFBC}") = "Game_Of_Life", "Game_Of_Life\Game_Of_Life.csproj", "{2FB7C8FA-9A04-446C-A218-7D763B888292}"
EndProject
Global
	GlobalSection(SolutionConfigurationPlatforms) = preSolution
		Debug|Any CPU = Debug|Any CPU
		Release|Any CPU = Release|Any CPU
	EndGlobalSection
	GlobalSection(ProjectConfigurationPlatforms) = postSolution
		{2FB7C8FA-9A04-446C-A218-7D763B888292}.Debug|Any CPU.ActiveCfg = Debug|Any CPU
		{2FB7C8FA-9A04-446C-A218-7D763B888292}.Debug|Any CPU.Build.0 = Debug|Any CPU
		{2FB7C8FA-9A04-446C-A218-7D763B888292}.Release|Any CPU.ActiveCfg = Release|Any CPU
		{2FB7C8FA-9A04-446C-A218-7D763B888292}.Release|Any CPU.Build.0 = Release|Any CPU
	EndGlobalSection
	GlobalSection(SolutionProperties) = preSolution
		HideSolutionNode = FALSE
	EndGlobalSection
	GlobalSection(ExtensibilityGlobals) = postSolution
		SolutionGuid = {0C396BE1-1161-433E-9D58-D5419AC9616C}
	EndGlobalSection
EndGlobal
